// !$*UTF8*$!
{
	archiveVersion = 1;
	classes = {
	};
	objectVersion = 56;
	objects = {

/* Begin PBXBuildFile section */
		2956C8842AC9CFD1001D9422 /* View+Extension.swift in Sources */ = {isa = PBXBuildFile; fileRef = 2956C8832AC9CFD1001D9422 /* View+Extension.swift */; };
		295C6AB32AC86EED00F9B35A /* ImageBackground.swift in Sources */ = {isa = PBXBuildFile; fileRef = 295C6AB22AC86EED00F9B35A /* ImageBackground.swift */; };
		2962E0282AD47B4A00CB0634 /* Effect.swift in Sources */ = {isa = PBXBuildFile; fileRef = 2962E0272AD47B4A00CB0634 /* Effect.swift */; };
		296746C52B20CA8C00946748 /* CustomContent.swift in Sources */ = {isa = PBXBuildFile; fileRef = 296746C42B20CA8B00946748 /* CustomContent.swift */; };
		296E59D42AC61D9B00EF65BD /* CoolFeaturesApp.swift in Sources */ = {isa = PBXBuildFile; fileRef = 296E59D32AC61D9B00EF65BD /* CoolFeaturesApp.swift */; };
		296E59D62AC61D9B00EF65BD /* ContentView.swift in Sources */ = {isa = PBXBuildFile; fileRef = 296E59D52AC61D9B00EF65BD /* ContentView.swift */; };
		296E59D82AC61D9C00EF65BD /* Assets.xcassets in Resources */ = {isa = PBXBuildFile; fileRef = 296E59D72AC61D9C00EF65BD /* Assets.xcassets */; };
		296E59DB2AC61D9C00EF65BD /* Preview Assets.xcassets in Resources */ = {isa = PBXBuildFile; fileRef = 296E59DA2AC61D9C00EF65BD /* Preview Assets.xcassets */; };
		296E59E92AC62EDC00EF65BD /* BottomSheetiOS15.swift in Sources */ = {isa = PBXBuildFile; fileRef = 296E59E82AC62EDC00EF65BD /* BottomSheetiOS15.swift */; };
		296E59EC2AC62FE900EF65BD /* MainButton.swift in Sources */ = {isa = PBXBuildFile; fileRef = 296E59EB2AC62FE900EF65BD /* MainButton.swift */; };
		29997B472AC85D4900F24524 /* SmallContent.swift in Sources */ = {isa = PBXBuildFile; fileRef = 29997B462AC85D4900F24524 /* SmallContent.swift */; };
		29997B492AC8650600F24524 /* MediumContent.swift in Sources */ = {isa = PBXBuildFile; fileRef = 29997B482AC8650600F24524 /* MediumContent.swift */; };
		299E95D12ADAC6EE0015E619 /* BottomSheet2.swift in Sources */ = {isa = PBXBuildFile; fileRef = 299E95D02ADAC6EE0015E619 /* BottomSheet2.swift */; };
/* End PBXBuildFile section */

/* Begin PBXFileReference section */
		2956C8832AC9CFD1001D9422 /* View+Extension.swift */ = {isa = PBXFileReference; lastKnownFileType = sourcecode.swift; path = "View+Extension.swift"; sourceTree = "<group>"; };
		295C6AB22AC86EED00F9B35A /* ImageBackground.swift */ = {isa = PBXFileReference; lastKnownFileType = sourcecode.swift; path = ImageBackground.swift; sourceTree = "<group>"; };
		2962E0272AD47B4A00CB0634 /* Effect.swift */ = {isa = PBXFileReference; lastKnownFileType = sourcecode.swift; path = Effect.swift; sourceTree = "<group>"; };
		296746C42B20CA8B00946748 /* CustomContent.swift */ = {isa = PBXFileReference; lastKnownFileType = sourcecode.swift; path = CustomContent.swift; sourceTree = "<group>"; };
		296E59D02AC61D9B00EF65BD /* CoolFeatures.app */ = {isa = PBXFileReference; explicitFileType = wrapper.application; includeInIndex = 0; path = CoolFeatures.app; sourceTree = BUILT_PRODUCTS_DIR; };
		296E59D32AC61D9B00EF65BD /* CoolFeaturesApp.swift */ = {isa = PBXFileReference; lastKnownFileType = sourcecode.swift; path = CoolFeaturesApp.swift; sourceTree = "<group>"; };
		296E59D52AC61D9B00EF65BD /* ContentView.swift */ = {isa = PBXFileReference; lastKnownFileType = sourcecode.swift; path = ContentView.swift; sourceTree = "<group>"; };
		296E59D72AC61D9C00EF65BD /* Assets.xcassets */ = {isa = PBXFileReference; lastKnownFileType = folder.assetcatalog; path = Assets.xcassets; sourceTree = "<group>"; };
		296E59DA2AC61D9C00EF65BD /* Preview Assets.xcassets */ = {isa = PBXFileReference; lastKnownFileType = folder.assetcatalog; path = "Preview Assets.xcassets"; sourceTree = "<group>"; };
		296E59E82AC62EDC00EF65BD /* BottomSheetiOS15.swift */ = {isa = PBXFileReference; lastKnownFileType = sourcecode.swift; path = BottomSheetiOS15.swift; sourceTree = "<group>"; };
		296E59EB2AC62FE900EF65BD /* MainButton.swift */ = {isa = PBXFileReference; lastKnownFileType = sourcecode.swift; path = MainButton.swift; sourceTree = "<group>"; };
		29997B462AC85D4900F24524 /* SmallContent.swift */ = {isa = PBXFileReference; lastKnownFileType = sourcecode.swift; path = SmallContent.swift; sourceTree = "<group>"; };
		29997B482AC8650600F24524 /* MediumContent.swift */ = {isa = PBXFileReference; lastKnownFileType = sourcecode.swift; path = MediumContent.swift; sourceTree = "<group>"; };
		299E95D02ADAC6EE0015E619 /* BottomSheet2.swift */ = {isa = PBXFileReference; lastKnownFileType = sourcecode.swift; path = BottomSheet2.swift; sourceTree = "<group>"; };
/* End PBXFileReference section */

/* Begin PBXFrameworksBuildPhase section */
		296E59CD2AC61D9B00EF65BD /* Frameworks */ = {
			isa = PBXFrameworksBuildPhase;
			buildActionMask = 2147483647;
			files = (
			);
			runOnlyForDeploymentPostprocessing = 0;
		};
/* End PBXFrameworksBuildPhase section */

/* Begin PBXGroup section */
		2956C8822AC9CFB9001D9422 /* Extensions */ = {
			isa = PBXGroup;
			children = (
				2956C8832AC9CFD1001D9422 /* View+Extension.swift */,
			);
			path = Extensions;
			sourceTree = "<group>";
		};
		2962E0292AD4911000CB0634 /* Animations */ = {
			isa = PBXGroup;
			children = (
				2962E02A2AD4911D00CB0634 /* MatchedGeometry */,
			);
			path = Animations;
			sourceTree = "<group>";
		};
		2962E02A2AD4911D00CB0634 /* MatchedGeometry */ = {
			isa = PBXGroup;
			children = (
				2962E0272AD47B4A00CB0634 /* Effect.swift */,
			);
			path = MatchedGeometry;
			sourceTree = "<group>";
		};
		296E59C72AC61D9B00EF65BD = {
			isa = PBXGroup;
			children = (
				296E59D22AC61D9B00EF65BD /* CoolFeatures */,
				296E59D12AC61D9B00EF65BD /* Products */,
			);
			sourceTree = "<group>";
		};
		296E59D12AC61D9B00EF65BD /* Products */ = {
			isa = PBXGroup;
			children = (
				296E59D02AC61D9B00EF65BD /* CoolFeatures.app */,
			);
			name = Products;
			sourceTree = "<group>";
		};
		296E59D22AC61D9B00EF65BD /* CoolFeatures */ = {
			isa = PBXGroup;
			children = (
				2956C8822AC9CFB9001D9422 /* Extensions */,
				296E59EA2AC62FD300EF65BD /* Views */,
				296E59D32AC61D9B00EF65BD /* CoolFeaturesApp.swift */,
				296E59D52AC61D9B00EF65BD /* ContentView.swift */,
				296E59E12AC61E4300EF65BD /* BottomSheet */,
				2962E0292AD4911000CB0634 /* Animations */,
				296E59D72AC61D9C00EF65BD /* Assets.xcassets */,
				296E59D92AC61D9C00EF65BD /* Preview Content */,
			);
			path = CoolFeatures;
			sourceTree = "<group>";
		};
		296E59D92AC61D9C00EF65BD /* Preview Content */ = {
			isa = PBXGroup;
			children = (
				296E59DA2AC61D9C00EF65BD /* Preview Assets.xcassets */,
			);
			path = "Preview Content";
			sourceTree = "<group>";
		};
		296E59E12AC61E4300EF65BD /* BottomSheet */ = {
			isa = PBXGroup;
			children = (
				296E59E72AC62EC000EF65BD /* iOS15 */,
			);
			path = BottomSheet;
			sourceTree = "<group>";
		};
		296E59E72AC62EC000EF65BD /* iOS15 */ = {
			isa = PBXGroup;
			children = (
				296E59E82AC62EDC00EF65BD /* BottomSheetiOS15.swift */,
				299E95D02ADAC6EE0015E619 /* BottomSheet2.swift */,
			);
			path = iOS15;
			sourceTree = "<group>";
		};
		296E59EA2AC62FD300EF65BD /* Views */ = {
			isa = PBXGroup;
			children = (
				296E59EB2AC62FE900EF65BD /* MainButton.swift */,
				29997B462AC85D4900F24524 /* SmallContent.swift */,
				29997B482AC8650600F24524 /* MediumContent.swift */,
				295C6AB22AC86EED00F9B35A /* ImageBackground.swift */,
				296746C42B20CA8B00946748 /* CustomContent.swift */,
			);
			path = Views;
			sourceTree = "<group>";
		};
/* End PBXGroup section */

/* Begin PBXNativeTarget section */
		296E59CF2AC61D9B00EF65BD /* CoolFeatures */ = {
			isa = PBXNativeTarget;
			buildConfigurationList = 296E59DE2AC61D9C00EF65BD /* Build configuration list for PBXNativeTarget "CoolFeatures" */;
			buildPhases = (
				296E59CC2AC61D9B00EF65BD /* Sources */,
				296E59CD2AC61D9B00EF65BD /* Frameworks */,
				296E59CE2AC61D9B00EF65BD /* Resources */,
			);
			buildRules = (
			);
			dependencies = (
			);
			name = CoolFeatures;
			packageProductDependencies = (
			);
			productName = CoolFeatures;
			productReference = 296E59D02AC61D9B00EF65BD /* CoolFeatures.app */;
			productType = "com.apple.product-type.application";
		};
/* End PBXNativeTarget section */

/* Begin PBXProject section */
		296E59C82AC61D9B00EF65BD /* Project object */ = {
			isa = PBXProject;
			attributes = {
				BuildIndependentTargetsInParallel = 1;
				LastSwiftUpdateCheck = 1430;
				LastUpgradeCheck = 1500;
				TargetAttributes = {
					296E59CF2AC61D9B00EF65BD = {
						CreatedOnToolsVersion = 14.3.1;
					};
				};
			};
			buildConfigurationList = 296E59CB2AC61D9B00EF65BD /* Build configuration list for PBXProject "CoolFeatures" */;
			compatibilityVersion = "Xcode 14.0";
			developmentRegion = en;
			hasScannedForEncodings = 0;
			knownRegions = (
				en,
				Base,
			);
			mainGroup = 296E59C72AC61D9B00EF65BD;
			packageReferences = (
			);
			productRefGroup = 296E59D12AC61D9B00EF65BD /* Products */;
			projectDirPath = "";
			projectRoot = "";
			targets = (
				296E59CF2AC61D9B00EF65BD /* CoolFeatures */,
			);
		};
/* End PBXProject section */

/* Begin PBXResourcesBuildPhase section */
		296E59CE2AC61D9B00EF65BD /* Resources */ = {
			isa = PBXResourcesBuildPhase;
			buildActionMask = 2147483647;
			files = (
				296E59DB2AC61D9C00EF65BD /* Preview Assets.xcassets in Resources */,
				296E59D82AC61D9C00EF65BD /* Assets.xcassets in Resources */,
			);
			runOnlyForDeploymentPostprocessing = 0;
		};
/* End PBXResourcesBuildPhase section */

/* Begin PBXSourcesBuildPhase section */
		296E59CC2AC61D9B00EF65BD /* Sources */ = {
			isa = PBXSourcesBuildPhase;
			buildActionMask = 2147483647;
			files = (
				296E59E92AC62EDC00EF65BD /* BottomSheetiOS15.swift in Sources */,
				29997B492AC8650600F24524 /* MediumContent.swift in Sources */,
				29997B472AC85D4900F24524 /* SmallContent.swift in Sources */,
				296E59D62AC61D9B00EF65BD /* ContentView.swift in Sources */,
				296E59D42AC61D9B00EF65BD /* CoolFeaturesApp.swift in Sources */,
				299E95D12ADAC6EE0015E619 /* BottomSheet2.swift in Sources */,
				2962E0282AD47B4A00CB0634 /* Effect.swift in Sources */,
				295C6AB32AC86EED00F9B35A /* ImageBackground.swift in Sources */,
				296746C52B20CA8C00946748 /* CustomContent.swift in Sources */,
				296E59EC2AC62FE900EF65BD /* MainButton.swift in Sources */,
				2956C8842AC9CFD1001D9422 /* View+Extension.swift in Sources */,
			);
			runOnlyForDeploymentPostprocessing = 0;
		};
/* End PBXSourcesBuildPhase section */

/* Begin XCBuildConfiguration section */
		296E59DC2AC61D9C00EF65BD /* Debug */ = {
			isa = XCBuildConfiguration;
			buildSettings = {
				ALWAYS_SEARCH_USER_PATHS = NO;
				CLANG_ANALYZER_NONNULL = YES;
				CLANG_ANALYZER_NUMBER_OBJECT_CONVERSION = YES_AGGRESSIVE;
				CLANG_CXX_LANGUAGE_STANDARD = "gnu++20";
				CLANG_ENABLE_MODULES = YES;
				CLANG_ENABLE_OBJC_ARC = YES;
				CLANG_ENABLE_OBJC_WEAK = YES;
				CLANG_WARN_BLOCK_CAPTURE_AUTORELEASING = YES;
				CLANG_WARN_BOOL_CONVERSION = YES;
				CLANG_WARN_COMMA = YES;
				CLANG_WARN_CONSTANT_CONVERSION = YES;
				CLANG_WARN_DEPRECATED_OBJC_IMPLEMENTATIONS = YES;
				CLANG_WARN_DIRECT_OBJC_ISA_USAGE = YES_ERROR;
				CLANG_WARN_DOCUMENTATION_COMMENTS = YES;
				CLANG_WARN_EMPTY_BODY = YES;
				CLANG_WARN_ENUM_CONVERSION = YES;
				CLANG_WARN_INFINITE_RECURSION = YES;
				CLANG_WARN_INT_CONVERSION = YES;
				CLANG_WARN_NON_LITERAL_NULL_CONVERSION = YES;
				CLANG_WARN_OBJC_IMPLICIT_RETAIN_SELF = YES;
				CLANG_WARN_OBJC_LITERAL_CONVERSION = YES;
				CLANG_WARN_OBJC_ROOT_CLASS = YES_ERROR;
				CLANG_WARN_QUOTED_INCLUDE_IN_FRAMEWORK_HEADER = YES;
				CLANG_WARN_RANGE_LOOP_ANALYSIS = YES;
				CLANG_WARN_STRICT_PROTOTYPES = YES;
				CLANG_WARN_SUSPICIOUS_MOVE = YES;
				CLANG_WARN_UNGUARDED_AVAILABILITY = YES_AGGRESSIVE;
				CLANG_WARN_UNREACHABLE_CODE = YES;
				CLANG_WARN__DUPLICATE_METHOD_MATCH = YES;
				COPY_PHASE_STRIP = NO;
				DEBUG_INFORMATION_FORMAT = dwarf;
				ENABLE_STRICT_OBJC_MSGSEND = YES;
				ENABLE_TESTABILITY = YES;
				ENABLE_USER_SCRIPT_SANDBOXING = YES;
				GCC_C_LANGUAGE_STANDARD = gnu11;
				GCC_DYNAMIC_NO_PIC = NO;
				GCC_NO_COMMON_BLOCKS = YES;
				GCC_OPTIMIZATION_LEVEL = 0;
				GCC_PREPROCESSOR_DEFINITIONS = (
					"DEBUG=1",
					"$(inherited)",
				);
				GCC_WARN_64_TO_32_BIT_CONVERSION = YES;
				GCC_WARN_ABOUT_RETURN_TYPE = YES_ERROR;
				GCC_WARN_UNDECLARED_SELECTOR = YES;
				GCC_WARN_UNINITIALIZED_AUTOS = YES_AGGRESSIVE;
				GCC_WARN_UNUSED_FUNCTION = YES;
				GCC_WARN_UNUSED_VARIABLE = YES;
				IPHONEOS_DEPLOYMENT_TARGET = 15.0;
				MTL_ENABLE_DEBUG_INFO = INCLUDE_SOURCE;
				MTL_FAST_MATH = YES;
				ONLY_ACTIVE_ARCH = YES;
				SDKROOT = iphoneos;
				SWIFT_ACTIVE_COMPILATION_CONDITIONS = DEBUG;
				SWIFT_OPTIMIZATION_LEVEL = "-Onone";
			};
			name = Debug;
		};
		296E59DD2AC61D9C00EF65BD /* Release */ = {
			isa = XCBuildConfiguration;
			buildSettings = {
				ALWAYS_SEARCH_USER_PATHS = NO;
				CLANG_ANALYZER_NONNULL = YES;
				CLANG_ANALYZER_NUMBER_OBJECT_CONVERSION = YES_AGGRESSIVE;
				CLANG_CXX_LANGUAGE_STANDARD = "gnu++20";
				CLANG_ENABLE_MODULES = YES;
				CLANG_ENABLE_OBJC_ARC = YES;
				CLANG_ENABLE_OBJC_WEAK = YES;
				CLANG_WARN_BLOCK_CAPTURE_AUTORELEASING = YES;
				CLANG_WARN_BOOL_CONVERSION = YES;
				CLANG_WARN_COMMA = YES;
				CLANG_WARN_CONSTANT_CONVERSION = YES;
				CLANG_WARN_DEPRECATED_OBJC_IMPLEMENTATIONS = YES;
				CLANG_WARN_DIRECT_OBJC_ISA_USAGE = YES_ERROR;
				CLANG_WARN_DOCUMENTATION_COMMENTS = YES;
				CLANG_WARN_EMPTY_BODY = YES;
				CLANG_WARN_ENUM_CONVERSION = YES;
				CLANG_WARN_INFINITE_RECURSION = YES;
				CLANG_WARN_INT_CONVERSION = YES;
				CLANG_WARN_NON_LITERAL_NULL_CONVERSION = YES;
				CLANG_WARN_OBJC_IMPLICIT_RETAIN_SELF = YES;
				CLANG_WARN_OBJC_LITERAL_CONVERSION = YES;
				CLANG_WARN_OBJC_ROOT_CLASS = YES_ERROR;
				CLANG_WARN_QUOTED_INCLUDE_IN_FRAMEWORK_HEADER = YES;
				CLANG_WARN_RANGE_LOOP_ANALYSIS = YES;
				CLANG_WARN_STRICT_PROTOTYPES = YES;
				CLANG_WARN_SUSPICIOUS_MOVE = YES;
				CLANG_WARN_UNGUARDED_AVAILABILITY = YES_AGGRESSIVE;
				CLANG_WARN_UNREACHABLE_CODE = YES;
				CLANG_WARN__DUPLICATE_METHOD_MATCH = YES;
				COPY_PHASE_STRIP = NO;
				DEBUG_INFORMATION_FORMAT = "dwarf-with-dsym";
				ENABLE_NS_ASSERTIONS = NO;
				ENABLE_STRICT_OBJC_MSGSEND = YES;
				ENABLE_USER_SCRIPT_SANDBOXING = YES;
				GCC_C_LANGUAGE_STANDARD = gnu11;
				GCC_NO_COMMON_BLOCKS = YES;
				GCC_WARN_64_TO_32_BIT_CONVERSION = YES;
				GCC_WARN_ABOUT_RETURN_TYPE = YES_ERROR;
				GCC_WARN_UNDECLARED_SELECTOR = YES;
				GCC_WARN_UNINITIALIZED_AUTOS = YES_AGGRESSIVE;
				GCC_WARN_UNUSED_FUNCTION = YES;
				GCC_WARN_UNUSED_VARIABLE = YES;
				IPHONEOS_DEPLOYMENT_TARGET = 15.0;
				MTL_ENABLE_DEBUG_INFO = NO;
				MTL_FAST_MATH = YES;
				SDKROOT = iphoneos;
				SWIFT_COMPILATION_MODE = wholemodule;
				SWIFT_OPTIMIZATION_LEVEL = "-O";
				VALIDATE_PRODUCT = YES;
			};
			name = Release;
		};
		296E59DF2AC61D9C00EF65BD /* Debug */ = {
			isa = XCBuildConfiguration;
			buildSettings = {
				ASSETCATALOG_COMPILER_APPICON_NAME = AppIcon;
				ASSETCATALOG_COMPILER_GLOBAL_ACCENT_COLOR_NAME = AccentColor;
				CODE_SIGN_STYLE = Automatic;
				CURRENT_PROJECT_VERSION = 1;
				DEVELOPMENT_ASSET_PATHS = "\"CoolFeatures/Preview Content\"";
				DEVELOPMENT_TEAM = Z4582C4FY5;
				ENABLE_PREVIEWS = YES;
				GENERATE_INFOPLIST_FILE = YES;
				INFOPLIST_KEY_UIApplicationSceneManifest_Generation = YES;
				INFOPLIST_KEY_UIApplicationSupportsIndirectInputEvents = YES;
				INFOPLIST_KEY_UILaunchScreen_Generation = YES;
				INFOPLIST_KEY_UIRequiresFullScreen = NO;
				INFOPLIST_KEY_UISupportedInterfaceOrientations = UIInterfaceOrientationPortrait;
				INFOPLIST_KEY_UISupportedInterfaceOrientations_iPad = "UIInterfaceOrientationLandscapeLeft UIInterfaceOrientationLandscapeRight UIInterfaceOrientationPortrait UIInterfaceOrientationPortraitUpsideDown";
				IPHONEOS_DEPLOYMENT_TARGET = 15.0;
				LD_RUNPATH_SEARCH_PATHS = (
					"$(inherited)",
					"@executable_path/Frameworks",
				);
				MARKETING_VERSION = 1.0;
				PRODUCT_BUNDLE_IDENTIFIER = com.torhovenkov.CoolFeatures;
				PRODUCT_NAME = "$(TARGET_NAME)";
				SUPPORTED_PLATFORMS = "iphoneos iphonesimulator";
				SUPPORTS_MACCATALYST = NO;
				SUPPORTS_MAC_DESIGNED_FOR_IPHONE_IPAD = NO;
				SWIFT_EMIT_LOC_STRINGS = YES;
				SWIFT_VERSION = 5.0;
				TARGETED_DEVICE_FAMILY = "1,2";
			};
			name = Debug;
		};
		296E59E02AC61D9C00EF65BD /* Release */ = {
			isa = XCBuildConfiguration;
			buildSettings = {
				ASSETCATALOG_COMPILER_APPICON_NAME = AppIcon;
				ASSETCATALOG_COMPILER_GLOBAL_ACCENT_COLOR_NAME = AccentColor;
				CODE_SIGN_STYLE = Automatic;
				CURRENT_PROJECT_VERSION = 1;
				DEVELOPMENT_ASSET_PATHS = "\"CoolFeatures/Preview Content\"";
				DEVELOPMENT_TEAM = Z4582C4FY5;
				ENABLE_PREVIEWS = YES;
				GENERATE_INFOPLIST_FILE = YES;
				INFOPLIST_KEY_UIApplicationSceneManifest_Generation = YES;
				INFOPLIST_KEY_UIApplicationSupportsIndirectInputEvents = YES;
				INFOPLIST_KEY_UILaunchScreen_Generation = YES;
				INFOPLIST_KEY_UIRequiresFullScreen = NO;
				INFOPLIST_KEY_UISupportedInterfaceOrientations = UIInterfaceOrientationPortrait;
				INFOPLIST_KEY_UISupportedInterfaceOrientations_iPad = "UIInterfaceOrientationLandscapeLeft UIInterfaceOrientationLandscapeRight UIInterfaceOrientationPortrait UIInterfaceOrientationPortraitUpsideDown";
				IPHONEOS_DEPLOYMENT_TARGET = 15.0;
				LD_RUNPATH_SEARCH_PATHS = (
					"$(inherited)",
					"@executable_path/Frameworks",
				);
				MARKETING_VERSION = 1.0;
				PRODUCT_BUNDLE_IDENTIFIER = com.torhovenkov.CoolFeatures;
				PRODUCT_NAME = "$(TARGET_NAME)";
				SUPPORTED_PLATFORMS = "iphoneos iphonesimulator";
				SUPPORTS_MACCATALYST = NO;
				SUPPORTS_MAC_DESIGNED_FOR_IPHONE_IPAD = NO;
				SWIFT_EMIT_LOC_STRINGS = YES;
				SWIFT_VERSION = 5.0;
				TARGETED_DEVICE_FAMILY = "1,2";
			};
			name = Release;
		};
/* End XCBuildConfiguration section */

/* Begin XCConfigurationList section */
		296E59CB2AC61D9B00EF65BD /* Build configuration list for PBXProject "CoolFeatures" */ = {
			isa = XCConfigurationList;
			buildConfigurations = (
				296E59DC2AC61D9C00EF65BD /* Debug */,
				296E59DD2AC61D9C00EF65BD /* Release */,
			);
			defaultConfigurationIsVisible = 0;
			defaultConfigurationName = Release;
		};
		296E59DE2AC61D9C00EF65BD /* Build configuration list for PBXNativeTarget "CoolFeatures" */ = {
			isa = XCConfigurationList;
			buildConfigurations = (
				296E59DF2AC61D9C00EF65BD /* Debug */,
				296E59E02AC61D9C00EF65BD /* Release */,
			);
			defaultConfigurationIsVisible = 0;
			defaultConfigurationName = Release;
		};
/* End XCConfigurationList section */
	};
	rootObject = 296E59C82AC61D9B00EF65BD /* Project object */;
}
